
Microsoft Visual Studio Solution File, Format Version 12.00
# Visual Studio Version 16rtrtr
VisualStudioVersion = 16.0.29123.88
MinimumVisualStudioVersion = 10.0.40219.1
Project("{FAE04EC0-301F-11D3-BF4B-00C04F79EFBC}") = "awsbeanstactest", "awsbeanstactest\awsbeanstactest.csproj", "{7AD4B573-D816-4A80-B5EA-6BB3E4F53484}"
EndProject
Global
	GlobalSection(SolutionConfigurationPlatforms) = preSolution
		Debug|Any CPU = Debug|Any CPU
		Release|Any CPU = Release|Any CPU
	EndGlobalSection
	GlobalSection(ProjectConfigurationPlatforms) = postSolution
		{7AD4B573-D816-4A80-B5EA-6BB3E4F53484}.Debug|Any CPU.ActiveCfg = Debug|Any CPU
		{7AD4B573-D816-4A80-B5EA-6BB3E4F53484}.Debug|Any CPU.Build.0 = Debug|Any CPU
		{7AD4B573-D816-4A80-B5EA-6BB3E4F53484}.Release|Any CPU.ActiveCfg = Release|Any CPU
		{7AD4B573-D816-4A80-B5EA-6BB3E4F53484}.Release|Any CPU.Build.0 = Release|Any CPU
	EndGlobalSection
	GlobalSection(SolutionProperties) = preSolution
		HideSolutionNode = FALSE
	EndGlobalSection
	GlobalSection(ExtensibilityGlobals) = postSolution
		SolutionGuid = {8D09957F-E659-40E8-8763-C4A25C864842}
	EndGlobalSection
EndGlobal
