
Microsoft Visual Studio Solution File, Format Version 12.00
# Visual Studio Version 16
VisualStudioVersion = 16.0.30204.135
MinimumVisualStudioVersion = 10.0.40219.1
Project("{FAE04EC0-301F-11D3-BF4B-00C04F79EFBC}") = "awscorewebapplication", "awscorewebapplication\awscorewebapplication.csproj", "{1F1B9767-8BB8-4E8F-91FE-0B9010285A7B}"
EndProject
Global
	GlobalSection(SolutionConfigurationPlatforms) = preSolution
		Debug|Any CPU = Debug|Any CPU
		Release|Any CPU = Release|Any CPU
	EndGlobalSection
	GlobalSection(ProjectConfigurationPlatforms) = postSolution
		{1F1B9767-8BB8-4E8F-91FE-0B9010285A7B}.Debug|Any CPU.ActiveCfg = Debug|Any CPU
		{1F1B9767-8BB8-4E8F-91FE-0B9010285A7B}.Debug|Any CPU.Build.0 = Debug|Any CPU
		{1F1B9767-8BB8-4E8F-91FE-0B9010285A7B}.Release|Any CPU.ActiveCfg = Release|Any CPU
		{1F1B9767-8BB8-4E8F-91FE-0B9010285A7B}.Release|Any CPU.Build.0 = Release|Any CPU
	EndGlobalSection
	GlobalSection(SolutionProperties) = preSolution
		HideSolutionNode = FALSE
	EndGlobalSection
	GlobalSection(ExtensibilityGlobals) = postSolution
		SolutionGuid = {CD21A931-69E4-4701-9558-8E09CB831EB5}
	EndGlobalSection
EndGlobal
